
Microsoft Visual Studio Solution File, Format Version 12.00
# Visual Studio Version 17
VisualStudioVersion = 17.11.35431.28
MinimumVisualStudioVersion = 10.0.40219.1
Project("{9A19103F-16F7-4668-BE54-9A1E7A4F7556}") = "SchoolBook.Web", "SchoolBook.Web\SchoolBook.Web.csproj", "{4CAC8DF6-CA11-44C3-BA67-791C17C9B034}"
EndProject
Project("{9A19103F-16F7-4668-BE54-9A1E7A4F7556}") = "SchoolBook.Data", "SchoolBook.Data\SchoolBook.Data.csproj", "{B5476872-DF84-4F83-A940-CFE04FACB4D3}"
EndProject
Project("{9A19103F-16F7-4668-BE54-9A1E7A4F7556}") = "SchoolBook.Data.Models", "SchoolBook.Data.Models\SchoolBook.Data.Models.csproj", "{D47CABAF-35CC-4979-9194-91D13AED3D82}"
EndProject
Project("{9A19103F-16F7-4668-BE54-9A1E7A4F7556}") = "SchoolBook.Web.ViewModels", "SchoolBook.Web.ViewModels\SchoolBook.Web.ViewModels.csproj", "{6706ECAC-BF5C-4B32-9D56-629932592C3B}"
EndProject
Project("{FAE04EC0-301F-11D3-BF4B-00C04F79EFBC}") = "SchoolBook.WebApi", "SchoolBook.WebApi\SchoolBook.WebApi.csproj", "{60411683-4C32-4EFB-8183-FD6E9D14C14F}"
EndProject
Global
	GlobalSection(SolutionConfigurationPlatforms) = preSolution
		Debug|Any CPU = Debug|Any CPU
		Release|Any CPU = Release|Any CPU
	EndGlobalSection
	GlobalSection(ProjectConfigurationPlatforms) = postSolution
		{4CAC8DF6-CA11-44C3-BA67-791C17C9B034}.Debug|Any CPU.ActiveCfg = Debug|Any CPU
		{4CAC8DF6-CA11-44C3-BA67-791C17C9B034}.Debug|Any CPU.Build.0 = Debug|Any CPU
		{4CAC8DF6-CA11-44C3-BA67-791C17C9B034}.Release|Any CPU.ActiveCfg = Release|Any CPU
		{4CAC8DF6-CA11-44C3-BA67-791C17C9B034}.Release|Any CPU.Build.0 = Release|Any CPU
		{B5476872-DF84-4F83-A940-CFE04FACB4D3}.Debug|Any CPU.ActiveCfg = Debug|Any CPU
		{B5476872-DF84-4F83-A940-CFE04FACB4D3}.Debug|Any CPU.Build.0 = Debug|Any CPU
		{B5476872-DF84-4F83-A940-CFE04FACB4D3}.Release|Any CPU.ActiveCfg = Release|Any CPU
		{B5476872-DF84-4F83-A940-CFE04FACB4D3}.Release|Any CPU.Build.0 = Release|Any CPU
		{D47CABAF-35CC-4979-9194-91D13AED3D82}.Debug|Any CPU.ActiveCfg = Debug|Any CPU
		{D47CABAF-35CC-4979-9194-91D13AED3D82}.Debug|Any CPU.Build.0 = Debug|Any CPU
		{D47CABAF-35CC-4979-9194-91D13AED3D82}.Release|Any CPU.ActiveCfg = Release|Any CPU
		{D47CABAF-35CC-4979-9194-91D13AED3D82}.Release|Any CPU.Build.0 = Release|Any CPU
		{6706ECAC-BF5C-4B32-9D56-629932592C3B}.Debug|Any CPU.ActiveCfg = Debug|Any CPU
		{6706ECAC-BF5C-4B32-9D56-629932592C3B}.Debug|Any CPU.Build.0 = Debug|Any CPU
		{6706ECAC-BF5C-4B32-9D56-629932592C3B}.Release|Any CPU.ActiveCfg = Release|Any CPU
		{6706ECAC-BF5C-4B32-9D56-629932592C3B}.Release|Any CPU.Build.0 = Release|Any CPU
		{60411683-4C32-4EFB-8183-FD6E9D14C14F}.Debug|Any CPU.ActiveCfg = Debug|Any CPU
		{60411683-4C32-4EFB-8183-FD6E9D14C14F}.Debug|Any CPU.Build.0 = Debug|Any CPU
		{60411683-4C32-4EFB-8183-FD6E9D14C14F}.Release|Any CPU.ActiveCfg = Release|Any CPU
		{60411683-4C32-4EFB-8183-FD6E9D14C14F}.Release|Any CPU.Build.0 = Release|Any CPU
	EndGlobalSection
	GlobalSection(SolutionProperties) = preSolution
		HideSolutionNode = FALSE
	EndGlobalSection
	GlobalSection(ExtensibilityGlobals) = postSolution
		SolutionGuid = {D9E3A99C-2A95-47CA-A465-A08D79BBA22E}
	EndGlobalSection
EndGlobal
